PODS:
  - background_downloader (0.0.1):
    - Flutter
  - Flutter (1.0.0)
  - flutter_gemma (0.14.1):
    - Flutter
  - large_file_handler (0.0.1):
    - Flutter
  - shared_preferences_foundation (0.0.1):
    - Flutter
    - FlutterMacOS

DEPENDENCIES:
  - background_downloader (from `.symlinks/plugins/background_downloader/ios`)
  - Flutter (from `Flutter`)
  - flutter_gemma (from `.symlinks/plugins/flutter_gemma/ios`)
  - large_file_handler (from `.symlinks/plugins/large_file_handler/ios`)
  - shared_preferences_foundation (from `.symlinks/plugins/shared_preferences_foundation/darwin`)

EXTERNAL SOURCES:
  background_downloader:
    :path: ".symlinks/plugins/background_downloader/ios"
  Flutter:
    :path: Flutter
  flutter_gemma:
    :path: ".symlinks/plugins/flutter_gemma/ios"
  large_file_handler:
    :path: ".symlinks/plugins/large_file_handler/ios"
  shared_preferences_foundation:
    :path: ".symlinks/plugins/shared_preferences_foundation/darwin"

SPEC CHECKSUMS:
  background_downloader: 50e91d979067b82081aba359d7d916b3ba5fadad
  Flutter: cabc95a1d2626b1b06e7179b784ebcf0c0cde467
  flutter_gemma: d8a9e124c883bccf2d019ee0b7cdf57552ff31a6
  large_file_handler: b37481e9b4972562ffcdc8f75700f47cd592bcec
  shared_preferences_foundation: 7036424c3d8ec98dfe75ff1667cb0cd531ec82bb

PODFILE CHECKSUM: b852183ab71dee1a2bc91e3ebe315a9489cf157f

COCOAPODS: 1.16.2
